<?xml version="1.0" encoding="utf-8"?>
<Project ToolsVersion="17.0" xmlns="http://schemas.microsoft.com/developer/msbuild/2003">
  <ItemGroup>
    <ClCompile Include="C:\Users\ocjla\Desktop\UNI_WORK\CGRA350\Project\CGRA350_Framework\CGRA350T12024_Framework\work\ext\stb\stb.c">
      <Filter>Source Files</Filter>
    </ClCompile>
  </ItemGroup>
  <ItemGroup>
    <CustomBuild Include="C:\Users\ocjla\Desktop\UNI_WORK\CGRA350\Project\CGRA350_Framework\CGRA350T12024_Framework\work\ext\stb\CMakeLists.txt" />
  </ItemGroup>
  <ItemGroup>
    <Filter Include="Source Files">
      <UniqueIdentifier>{9F1EBEE0-6004-35C0-BE04-C94449014C4F}</UniqueIdentifier>
    </Filter>
  </ItemGroup>
</Project>
