
Microsoft Visual Studio Solution File, Format Version 12.00
# Visual Studio Version 17
Project("{2150E333-8FDC-42A3-9474-1A3956D46DE8}") = "CGRA", "CGRA", "{A29C2B57-655F-326E-9F2C-8794D160CC87}"
EndProject
Project("{2150E333-8FDC-42A3-9474-1A3956D46DE8}") = "CMakePredefinedTargets", "CMakePredefinedTargets", "{9DF050D5-66AF-3DEA-B161-031BD10E42A9}"
EndProject
Project("{2150E333-8FDC-42A3-9474-1A3956D46DE8}") = "GLEW", "GLEW", "{907E4913-8252-3E2F-AB3C-AAF5A06035F4}"
EndProject
Project("{2150E333-8FDC-42A3-9474-1A3956D46DE8}") = "GLFW3", "GLFW3", "{A3DFFADF-0310-32A8-941D-87F97CC90EED}"
EndProject
Project("{8BC9CEB8-8B4A-11D0-8D11-00A0C91BC942}") = "base", "src\base.vcxproj", "{E3161723-EC86-3167-97F0-9C41D8FD113B}"
	ProjectSection(ProjectDependencies) = postProject
		{D728D639-DE44-328D-8350-C5AA83106AAD} = {D728D639-DE44-328D-8350-C5AA83106AAD}
		{8A1D3186-5852-342B-92D8-4B1080947D3D} = {8A1D3186-5852-342B-92D8-4B1080947D3D}
		{F982A68C-25A2-3521-934E-C77322590E9C} = {F982A68C-25A2-3521-934E-C77322590E9C}
		{E9F62514-1D82-35F9-986A-C0C399C78487} = {E9F62514-1D82-35F9-986A-C0C399C78487}
		{3F4BD138-65E0-3078-BD79-11CCAF9D134C} = {3F4BD138-65E0-3078-BD79-11CCAF9D134C}
	EndProjectSection
EndProject
Project("{8BC9CEB8-8B4A-11D0-8D11-00A0C91BC942}") = "ALL_BUILD", "ALL_BUILD.vcxproj", "{3515C532-2444-3439-88A0-59DD214206F4}"
	ProjectSection(ProjectDependencies) = postProject
		{D728D639-DE44-328D-8350-C5AA83106AAD} = {D728D639-DE44-328D-8350-C5AA83106AAD}
		{E3161723-EC86-3167-97F0-9C41D8FD113B} = {E3161723-EC86-3167-97F0-9C41D8FD113B}
		{8A1D3186-5852-342B-92D8-4B1080947D3D} = {8A1D3186-5852-342B-92D8-4B1080947D3D}
		{F982A68C-25A2-3521-934E-C77322590E9C} = {F982A68C-25A2-3521-934E-C77322590E9C}
		{FA964A3B-D5F9-3070-BF18-52FEF6EF266B} = {FA964A3B-D5F9-3070-BF18-52FEF6EF266B}
		{E9F62514-1D82-35F9-986A-C0C399C78487} = {E9F62514-1D82-35F9-986A-C0C399C78487}
		{3F4BD138-65E0-3078-BD79-11CCAF9D134C} = {3F4BD138-65E0-3078-BD79-11CCAF9D134C}
	EndProjectSection
EndProject
Project("{8BC9CEB8-8B4A-11D0-8D11-00A0C91BC942}") = "INSTALL", "INSTALL.vcxproj", "{A7467E3C-0852-32A4-B016-9528916E61EE}"
	ProjectSection(ProjectDependencies) = postProject
		{3515C532-2444-3439-88A0-59DD214206F4} = {3515C532-2444-3439-88A0-59DD214206F4}
		{D728D639-DE44-328D-8350-C5AA83106AAD} = {D728D639-DE44-328D-8350-C5AA83106AAD}
	EndProjectSection
EndProject
Project("{8BC9CEB8-8B4A-11D0-8D11-00A0C91BC942}") = "ZERO_CHECK", "ZERO_CHECK.vcxproj", "{D728D639-DE44-328D-8350-C5AA83106AAD}"
	ProjectSection(ProjectDependencies) = postProject
	EndProjectSection
EndProject
Project("{8BC9CEB8-8B4A-11D0-8D11-00A0C91BC942}") = "glew", "ext\glew-1.10.0\glew.vcxproj", "{8A1D3186-5852-342B-92D8-4B1080947D3D}"
	ProjectSection(ProjectDependencies) = postProject
		{D728D639-DE44-328D-8350-C5AA83106AAD} = {D728D639-DE44-328D-8350-C5AA83106AAD}
	EndProjectSection
EndProject
Project("{8BC9CEB8-8B4A-11D0-8D11-00A0C91BC942}") = "glfw", "ext\glfw\src\glfw.vcxproj", "{F982A68C-25A2-3521-934E-C77322590E9C}"
	ProjectSection(ProjectDependencies) = postProject
		{D728D639-DE44-328D-8350-C5AA83106AAD} = {D728D639-DE44-328D-8350-C5AA83106AAD}
	EndProjectSection
EndProject
Project("{8BC9CEB8-8B4A-11D0-8D11-00A0C91BC942}") = "glm_dummy", "ext\glm\glm_dummy.vcxproj", "{FA964A3B-D5F9-3070-BF18-52FEF6EF266B}"
	ProjectSection(ProjectDependencies) = postProject
		{D728D639-DE44-328D-8350-C5AA83106AAD} = {D728D639-DE44-328D-8350-C5AA83106AAD}
	EndProjectSection
EndProject
Project("{8BC9CEB8-8B4A-11D0-8D11-00A0C91BC942}") = "imgui", "ext\imgui\imgui.vcxproj", "{E9F62514-1D82-35F9-986A-C0C399C78487}"
	ProjectSection(ProjectDependencies) = postProject
		{D728D639-DE44-328D-8350-C5AA83106AAD} = {D728D639-DE44-328D-8350-C5AA83106AAD}
	EndProjectSection
EndProject
Project("{8BC9CEB8-8B4A-11D0-8D11-00A0C91BC942}") = "res", "res\res.vcxproj", "{34768F59-6FF2-306B-AB47-AFEACE5A2123}"
	ProjectSection(ProjectDependencies) = postProject
		{D728D639-DE44-328D-8350-C5AA83106AAD} = {D728D639-DE44-328D-8350-C5AA83106AAD}
	EndProjectSection
EndProject
Project("{8BC9CEB8-8B4A-11D0-8D11-00A0C91BC942}") = "stb", "ext\stb\stb.vcxproj", "{3F4BD138-65E0-3078-BD79-11CCAF9D134C}"
	ProjectSection(ProjectDependencies) = postProject
		{D728D639-DE44-328D-8350-C5AA83106AAD} = {D728D639-DE44-328D-8350-C5AA83106AAD}
	EndProjectSection
EndProject
Project("{8BC9CEB8-8B4A-11D0-8D11-00A0C91BC942}") = "uninstall", "ext\glfw\uninstall.vcxproj", "{815E5631-3929-3C67-97B6-15179D31037D}"
	ProjectSection(ProjectDependencies) = postProject
		{D728D639-DE44-328D-8350-C5AA83106AAD} = {D728D639-DE44-328D-8350-C5AA83106AAD}
	EndProjectSection
EndProject
Global
	GlobalSection(SolutionConfigurationPlatforms) = preSolution
		Debug|x64 = Debug|x64
		Release|x64 = Release|x64
		MinSizeRel|x64 = MinSizeRel|x64
		RelWithDebInfo|x64 = RelWithDebInfo|x64
	EndGlobalSection
	GlobalSection(ProjectConfigurationPlatforms) = postSolution
		{E3161723-EC86-3167-97F0-9C41D8FD113B}.Debug|x64.ActiveCfg = Debug|x64
		{E3161723-EC86-3167-97F0-9C41D8FD113B}.Debug|x64.Build.0 = Debug|x64
		{E3161723-EC86-3167-97F0-9C41D8FD113B}.Release|x64.ActiveCfg = Release|x64
		{E3161723-EC86-3167-97F0-9C41D8FD113B}.Release|x64.Build.0 = Release|x64
		{E3161723-EC86-3167-97F0-9C41D8FD113B}.MinSizeRel|x64.ActiveCfg = MinSizeRel|x64
		{E3161723-EC86-3167-97F0-9C41D8FD113B}.MinSizeRel|x64.Build.0 = MinSizeRel|x64
		{E3161723-EC86-3167-97F0-9C41D8FD113B}.RelWithDebInfo|x64.ActiveCfg = RelWithDebInfo|x64
		{E3161723-EC86-3167-97F0-9C41D8FD113B}.RelWithDebInfo|x64.Build.0 = RelWithDebInfo|x64
		{3515C532-2444-3439-88A0-59DD214206F4}.Debug|x64.ActiveCfg = Debug|x64
		{3515C532-2444-3439-88A0-59DD214206F4}.Debug|x64.Build.0 = Debug|x64
		{3515C532-2444-3439-88A0-59DD214206F4}.Release|x64.ActiveCfg = Release|x64
		{3515C532-2444-3439-88A0-59DD214206F4}.Release|x64.Build.0 = Release|x64
		{3515C532-2444-3439-88A0-59DD214206F4}.MinSizeRel|x64.ActiveCfg = MinSizeRel|x64
		{3515C532-2444-3439-88A0-59DD214206F4}.MinSizeRel|x64.Build.0 = MinSizeRel|x64
		{3515C532-2444-3439-88A0-59DD214206F4}.RelWithDebInfo|x64.ActiveCfg = RelWithDebInfo|x64
		{3515C532-2444-3439-88A0-59DD214206F4}.RelWithDebInfo|x64.Build.0 = RelWithDebInfo|x64
		{A7467E3C-0852-32A4-B016-9528916E61EE}.Debug|x64.ActiveCfg = Debug|x64
		{A7467E3C-0852-32A4-B016-9528916E61EE}.Release|x64.ActiveCfg = Release|x64
		{A7467E3C-0852-32A4-B016-9528916E61EE}.MinSizeRel|x64.ActiveCfg = MinSizeRel|x64
		{A7467E3C-0852-32A4-B016-9528916E61EE}.RelWithDebInfo|x64.ActiveCfg = RelWithDebInfo|x64
		{D728D639-DE44-328D-8350-C5AA83106AAD}.Debug|x64.ActiveCfg = Debug|x64
		{D728D639-DE44-328D-8350-C5AA83106AAD}.Debug|x64.Build.0 = Debug|x64
		{D728D639-DE44-328D-8350-C5AA83106AAD}.Release|x64.ActiveCfg = Release|x64
		{D728D639-DE44-328D-8350-C5AA83106AAD}.Release|x64.Build.0 = Release|x64
		{D728D639-DE44-328D-8350-C5AA83106AAD}.MinSizeRel|x64.ActiveCfg = MinSizeRel|x64
		{D728D639-DE44-328D-8350-C5AA83106AAD}.MinSizeRel|x64.Build.0 = MinSizeRel|x64
		{D728D639-DE44-328D-8350-C5AA83106AAD}.RelWithDebInfo|x64.ActiveCfg = RelWithDebInfo|x64
		{D728D639-DE44-328D-8350-C5AA83106AAD}.RelWithDebInfo|x64.Build.0 = RelWithDebInfo|x64
		{8A1D3186-5852-342B-92D8-4B1080947D3D}.Debug|x64.ActiveCfg = Debug|x64
		{8A1D3186-5852-342B-92D8-4B1080947D3D}.Debug|x64.Build.0 = Debug|x64
		{8A1D3186-5852-342B-92D8-4B1080947D3D}.Release|x64.ActiveCfg = Release|x64
		{8A1D3186-5852-342B-92D8-4B1080947D3D}.Release|x64.Build.0 = Release|x64
		{8A1D3186-5852-342B-92D8-4B1080947D3D}.MinSizeRel|x64.ActiveCfg = MinSizeRel|x64
		{8A1D3186-5852-342B-92D8-4B1080947D3D}.MinSizeRel|x64.Build.0 = MinSizeRel|x64
		{8A1D3186-5852-342B-92D8-4B1080947D3D}.RelWithDebInfo|x64.ActiveCfg = RelWithDebInfo|x64
		{8A1D3186-5852-342B-92D8-4B1080947D3D}.RelWithDebInfo|x64.Build.0 = RelWithDebInfo|x64
		{F982A68C-25A2-3521-934E-C77322590E9C}.Debug|x64.ActiveCfg = Debug|x64
		{F982A68C-25A2-3521-934E-C77322590E9C}.Debug|x64.Build.0 = Debug|x64
		{F982A68C-25A2-3521-934E-C77322590E9C}.Release|x64.ActiveCfg = Release|x64
		{F982A68C-25A2-3521-934E-C77322590E9C}.Release|x64.Build.0 = Release|x64
		{F982A68C-25A2-3521-934E-C77322590E9C}.MinSizeRel|x64.ActiveCfg = MinSizeRel|x64
		{F982A68C-25A2-3521-934E-C77322590E9C}.MinSizeRel|x64.Build.0 = MinSizeRel|x64
		{F982A68C-25A2-3521-934E-C77322590E9C}.RelWithDebInfo|x64.ActiveCfg = RelWithDebInfo|x64
		{F982A68C-25A2-3521-934E-C77322590E9C}.RelWithDebInfo|x64.Build.0 = RelWithDebInfo|x64
		{FA964A3B-D5F9-3070-BF18-52FEF6EF266B}.Debug|x64.ActiveCfg = Debug|x64
		{FA964A3B-D5F9-3070-BF18-52FEF6EF266B}.Debug|x64.Build.0 = Debug|x64
		{FA964A3B-D5F9-3070-BF18-52FEF6EF266B}.Release|x64.ActiveCfg = Release|x64
		{FA964A3B-D5F9-3070-BF18-52FEF6EF266B}.Release|x64.Build.0 = Release|x64
		{FA964A3B-D5F9-3070-BF18-52FEF6EF266B}.MinSizeRel|x64.ActiveCfg = MinSizeRel|x64
		{FA964A3B-D5F9-3070-BF18-52FEF6EF266B}.MinSizeRel|x64.Build.0 = MinSizeRel|x64
		{FA964A3B-D5F9-3070-BF18-52FEF6EF266B}.RelWithDebInfo|x64.ActiveCfg = RelWithDebInfo|x64
		{FA964A3B-D5F9-3070-BF18-52FEF6EF266B}.RelWithDebInfo|x64.Build.0 = RelWithDebInfo|x64
		{E9F62514-1D82-35F9-986A-C0C399C78487}.Debug|x64.ActiveCfg = Debug|x64
		{E9F62514-1D82-35F9-986A-C0C399C78487}.Debug|x64.Build.0 = Debug|x64
		{E9F62514-1D82-35F9-986A-C0C399C78487}.Release|x64.ActiveCfg = Release|x64
		{E9F62514-1D82-35F9-986A-C0C399C78487}.Release|x64.Build.0 = Release|x64
		{E9F62514-1D82-35F9-986A-C0C399C78487}.MinSizeRel|x64.ActiveCfg = MinSizeRel|x64
		{E9F62514-1D82-35F9-986A-C0C399C78487}.MinSizeRel|x64.Build.0 = MinSizeRel|x64
		{E9F62514-1D82-35F9-986A-C0C399C78487}.RelWithDebInfo|x64.ActiveCfg = RelWithDebInfo|x64
		{E9F62514-1D82-35F9-986A-C0C399C78487}.RelWithDebInfo|x64.Build.0 = RelWithDebInfo|x64
		{34768F59-6FF2-306B-AB47-AFEACE5A2123}.Debug|x64.ActiveCfg = Debug|x64
		{34768F59-6FF2-306B-AB47-AFEACE5A2123}.Release|x64.ActiveCfg = Release|x64
		{34768F59-6FF2-306B-AB47-AFEACE5A2123}.MinSizeRel|x64.ActiveCfg = MinSizeRel|x64
		{34768F59-6FF2-306B-AB47-AFEACE5A2123}.RelWithDebInfo|x64.ActiveCfg = RelWithDebInfo|x64
		{3F4BD138-65E0-3078-BD79-11CCAF9D134C}.Debug|x64.ActiveCfg = Debug|x64
		{3F4BD138-65E0-3078-BD79-11CCAF9D134C}.Debug|x64.Build.0 = Debug|x64
		{3F4BD138-65E0-3078-BD79-11CCAF9D134C}.Release|x64.ActiveCfg = Release|x64
		{3F4BD138-65E0-3078-BD79-11CCAF9D134C}.Release|x64.Build.0 = Release|x64
		{3F4BD138-65E0-3078-BD79-11CCAF9D134C}.MinSizeRel|x64.ActiveCfg = MinSizeRel|x64
		{3F4BD138-65E0-3078-BD79-11CCAF9D134C}.MinSizeRel|x64.Build.0 = MinSizeRel|x64
		{3F4BD138-65E0-3078-BD79-11CCAF9D134C}.RelWithDebInfo|x64.ActiveCfg = RelWithDebInfo|x64
		{3F4BD138-65E0-3078-BD79-11CCAF9D134C}.RelWithDebInfo|x64.Build.0 = RelWithDebInfo|x64
		{815E5631-3929-3C67-97B6-15179D31037D}.Debug|x64.ActiveCfg = Debug|x64
		{815E5631-3929-3C67-97B6-15179D31037D}.Release|x64.ActiveCfg = Release|x64
		{815E5631-3929-3C67-97B6-15179D31037D}.MinSizeRel|x64.ActiveCfg = MinSizeRel|x64
		{815E5631-3929-3C67-97B6-15179D31037D}.RelWithDebInfo|x64.ActiveCfg = RelWithDebInfo|x64
	EndGlobalSection
	GlobalSection(NestedProjects) = preSolution
		{E3161723-EC86-3167-97F0-9C41D8FD113B} = {A29C2B57-655F-326E-9F2C-8794D160CC87}
		{3515C532-2444-3439-88A0-59DD214206F4} = {9DF050D5-66AF-3DEA-B161-031BD10E42A9}
		{A7467E3C-0852-32A4-B016-9528916E61EE} = {9DF050D5-66AF-3DEA-B161-031BD10E42A9}
		{D728D639-DE44-328D-8350-C5AA83106AAD} = {9DF050D5-66AF-3DEA-B161-031BD10E42A9}
		{8A1D3186-5852-342B-92D8-4B1080947D3D} = {907E4913-8252-3E2F-AB3C-AAF5A06035F4}
		{F982A68C-25A2-3521-934E-C77322590E9C} = {A3DFFADF-0310-32A8-941D-87F97CC90EED}
	EndGlobalSection
	GlobalSection(ExtensibilityGlobals) = postSolution
		SolutionGuid = {3E36C99A-0476-3E7C-ADE8-70917F75C2A0}
	EndGlobalSection
	GlobalSection(ExtensibilityAddIns) = postSolution
	EndGlobalSection
EndGlobal
