
Microsoft Visual Studio Solution File, Format Version 12.00
# Visual Studio Version 17
Project("{2150E333-8FDC-42A3-9474-1A3956D46DE8}") = "CMakePredefinedTargets", "CMakePredefinedTargets", "{9DF050D5-66AF-3DEA-B161-031BD10E42A9}"
EndProject
Project("{2150E333-8FDC-42A3-9474-1A3956D46DE8}") = "GLEW", "GLEW", "{907E4913-8252-3E2F-AB3C-AAF5A06035F4}"
EndProject
Project("{8BC9CEB8-8B4A-11D0-8D11-00A0C91BC942}") = "ALL_BUILD", "ALL_BUILD.vcxproj", "{3515C532-2444-3439-88A0-59DD214206F4}"
	ProjectSection(ProjectDependencies) = postProject
		{D728D639-DE44-328D-8350-C5AA83106AAD} = {D728D639-DE44-328D-8350-C5AA83106AAD}
		{8A1D3186-5852-342B-92D8-4B1080947D3D} = {8A1D3186-5852-342B-92D8-4B1080947D3D}
	EndProjectSection
EndProject
Project("{8BC9CEB8-8B4A-11D0-8D11-00A0C91BC942}") = "INSTALL", "INSTALL.vcxproj", "{A7467E3C-0852-32A4-B016-9528916E61EE}"
	ProjectSection(ProjectDependencies) = postProject
		{3515C532-2444-3439-88A0-59DD214206F4} = {3515C532-2444-3439-88A0-59DD214206F4}
		{D728D639-DE44-328D-8350-C5AA83106AAD} = {D728D639-DE44-328D-8350-C5AA83106AAD}
	EndProjectSection
EndProject
Project("{8BC9CEB8-8B4A-11D0-8D11-00A0C91BC942}") = "ZERO_CHECK", "..\..\\ZERO_CHECK.vcxproj", "{D728D639-DE44-328D-8350-C5AA83106AAD}"
	ProjectSection(ProjectDependencies) = postProject
	EndProjectSection
EndProject
Project("{8BC9CEB8-8B4A-11D0-8D11-00A0C91BC942}") = "glew", "glew.vcxproj", "{8A1D3186-5852-342B-92D8-4B1080947D3D}"
	ProjectSection(ProjectDependencies) = postProject
		{D728D639-DE44-328D-8350-C5AA83106AAD} = {D728D639-DE44-328D-8350-C5AA83106AAD}
	EndProjectSection
EndProject
Global
	GlobalSection(SolutionConfigurationPlatforms) = preSolution
		Debug|x64 = Debug|x64
		Release|x64 = Release|x64
		MinSizeRel|x64 = MinSizeRel|x64
		RelWithDebInfo|x64 = RelWithDebInfo|x64
	EndGlobalSection
	GlobalSection(ProjectConfigurationPlatforms) = postSolution
		{3515C532-2444-3439-88A0-59DD214206F4}.Debug|x64.ActiveCfg = Debug|x64
		{3515C532-2444-3439-88A0-59DD214206F4}.Debug|x64.Build.0 = Debug|x64
		{3515C532-2444-3439-88A0-59DD214206F4}.Release|x64.ActiveCfg = Release|x64
		{3515C532-2444-3439-88A0-59DD214206F4}.Release|x64.Build.0 = Release|x64
		{3515C532-2444-3439-88A0-59DD214206F4}.MinSizeRel|x64.ActiveCfg = MinSizeRel|x64
		{3515C532-2444-3439-88A0-59DD214206F4}.MinSizeRel|x64.Build.0 = MinSizeRel|x64
		{3515C532-2444-3439-88A0-59DD214206F4}.RelWithDebInfo|x64.ActiveCfg = RelWithDebInfo|x64
		{3515C532-2444-3439-88A0-59DD214206F4}.RelWithDebInfo|x64.Build.0 = RelWithDebInfo|x64
		{A7467E3C-0852-32A4-B016-9528916E61EE}.Debug|x64.ActiveCfg = Debug|x64
		{A7467E3C-0852-32A4-B016-9528916E61EE}.Release|x64.ActiveCfg = Release|x64
		{A7467E3C-0852-32A4-B016-9528916E61EE}.MinSizeRel|x64.ActiveCfg = MinSizeRel|x64
		{A7467E3C-0852-32A4-B016-9528916E61EE}.RelWithDebInfo|x64.ActiveCfg = RelWithDebInfo|x64
		{D728D639-DE44-328D-8350-C5AA83106AAD}.Debug|x64.ActiveCfg = Debug|x64
		{D728D639-DE44-328D-8350-C5AA83106AAD}.Debug|x64.Build.0 = Debug|x64
		{D728D639-DE44-328D-8350-C5AA83106AAD}.Release|x64.ActiveCfg = Release|x64
		{D728D639-DE44-328D-8350-C5AA83106AAD}.Release|x64.Build.0 = Release|x64
		{D728D639-DE44-328D-8350-C5AA83106AAD}.MinSizeRel|x64.ActiveCfg = MinSizeRel|x64
		{D728D639-DE44-328D-8350-C5AA83106AAD}.MinSizeRel|x64.Build.0 = MinSizeRel|x64
		{D728D639-DE44-328D-8350-C5AA83106AAD}.RelWithDebInfo|x64.ActiveCfg = RelWithDebInfo|x64
		{D728D639-DE44-328D-8350-C5AA83106AAD}.RelWithDebInfo|x64.Build.0 = RelWithDebInfo|x64
		{8A1D3186-5852-342B-92D8-4B1080947D3D}.Debug|x64.ActiveCfg = Debug|x64
		{8A1D3186-5852-342B-92D8-4B1080947D3D}.Debug|x64.Build.0 = Debug|x64
		{8A1D3186-5852-342B-92D8-4B1080947D3D}.Release|x64.ActiveCfg = Release|x64
		{8A1D3186-5852-342B-92D8-4B1080947D3D}.Release|x64.Build.0 = Release|x64
		{8A1D3186-5852-342B-92D8-4B1080947D3D}.MinSizeRel|x64.ActiveCfg = MinSizeRel|x64
		{8A1D3186-5852-342B-92D8-4B1080947D3D}.MinSizeRel|x64.Build.0 = MinSizeRel|x64
		{8A1D3186-5852-342B-92D8-4B1080947D3D}.RelWithDebInfo|x64.ActiveCfg = RelWithDebInfo|x64
		{8A1D3186-5852-342B-92D8-4B1080947D3D}.RelWithDebInfo|x64.Build.0 = RelWithDebInfo|x64
	EndGlobalSection
	GlobalSection(NestedProjects) = preSolution
		{3515C532-2444-3439-88A0-59DD214206F4} = {9DF050D5-66AF-3DEA-B161-031BD10E42A9}
		{A7467E3C-0852-32A4-B016-9528916E61EE} = {9DF050D5-66AF-3DEA-B161-031BD10E42A9}
		{D728D639-DE44-328D-8350-C5AA83106AAD} = {9DF050D5-66AF-3DEA-B161-031BD10E42A9}
		{8A1D3186-5852-342B-92D8-4B1080947D3D} = {907E4913-8252-3E2F-AB3C-AAF5A06035F4}
	EndGlobalSection
	GlobalSection(ExtensibilityGlobals) = postSolution
		SolutionGuid = {83C862CD-6A3D-3214-9DF6-D6726256C426}
	EndGlobalSection
	GlobalSection(ExtensibilityAddIns) = postSolution
	EndGlobalSection
EndGlobal
