<?xml version="1.0" encoding="utf-8"?>
<Project ToolsVersion="17.0" xmlns="http://schemas.microsoft.com/developer/msbuild/2003">
  <ItemGroup>
    <ClCompile Include="C:\Users\ocjla\Desktop\UNI_WORK\CGRA350\Project\CGRA350_Framework\CGRA350T12024_Framework\work\src\application.cpp">
      <Filter>src</Filter>
    </ClCompile>
    <ClCompile Include="C:\Users\ocjla\Desktop\UNI_WORK\CGRA350\Project\CGRA350_Framework\CGRA350T12024_Framework\work\src\skeleton.cpp">
      <Filter>src</Filter>
    </ClCompile>
    <ClCompile Include="C:\Users\ocjla\Desktop\UNI_WORK\CGRA350\Project\CGRA350_Framework\CGRA350T12024_Framework\work\src\skeleton_model.cpp">
      <Filter>src</Filter>
    </ClCompile>
    <ClCompile Include="C:\Users\ocjla\Desktop\UNI_WORK\CGRA350\Project\CGRA350_Framework\CGRA350T12024_Framework\work\src\main.cpp">
      <Filter>src</Filter>
    </ClCompile>
    <ClCompile Include="C:\Users\ocjla\Desktop\UNI_WORK\CGRA350\Project\CGRA350_Framework\CGRA350T12024_Framework\work\src\cgra\cgra_geometry.cpp">
      <Filter>src\cgra</Filter>
    </ClCompile>
    <ClCompile Include="C:\Users\ocjla\Desktop\UNI_WORK\CGRA350\Project\CGRA350_Framework\CGRA350T12024_Framework\work\src\cgra\cgra_gui.cpp">
      <Filter>src\cgra</Filter>
    </ClCompile>
    <ClCompile Include="C:\Users\ocjla\Desktop\UNI_WORK\CGRA350\Project\CGRA350_Framework\CGRA350T12024_Framework\work\src\cgra\cgra_mesh.cpp">
      <Filter>src\cgra</Filter>
    </ClCompile>
    <ClCompile Include="C:\Users\ocjla\Desktop\UNI_WORK\CGRA350\Project\CGRA350_Framework\CGRA350T12024_Framework\work\src\cgra\cgra_shader.cpp">
      <Filter>src\cgra</Filter>
    </ClCompile>
    <ClCompile Include="voxelizer.hpp">
      <Filter>src\vct</Filter>
    </ClCompile>
    <ClCompile Include="voxelizer.cpp">
      <Filter>src\vct</Filter>
    </ClCompile>
  </ItemGroup>
  <ItemGroup>
    <ClInclude Include="C:\Users\ocjla\Desktop\UNI_WORK\CGRA350\Project\CGRA350_Framework\CGRA350T12024_Framework\work\src\application.hpp">
      <Filter>src</Filter>
    </ClInclude>
    <ClInclude Include="C:\Users\ocjla\Desktop\UNI_WORK\CGRA350\Project\CGRA350_Framework\CGRA350T12024_Framework\work\src\skeleton.hpp">
      <Filter>src</Filter>
    </ClInclude>
    <ClInclude Include="C:\Users\ocjla\Desktop\UNI_WORK\CGRA350\Project\CGRA350_Framework\CGRA350T12024_Framework\work\src\skeleton_model.hpp">
      <Filter>src</Filter>
    </ClInclude>
    <ClInclude Include="C:\Users\ocjla\Desktop\UNI_WORK\CGRA350\Project\CGRA350_Framework\CGRA350T12024_Framework\work\src\opengl.hpp">
      <Filter>src</Filter>
    </ClInclude>
    <ClInclude Include="C:\Users\ocjla\Desktop\UNI_WORK\CGRA350\Project\CGRA350_Framework\CGRA350T12024_Framework\work\src\cgra\cgra_geometry.hpp">
      <Filter>src\cgra</Filter>
    </ClInclude>
    <ClInclude Include="C:\Users\ocjla\Desktop\UNI_WORK\CGRA350\Project\CGRA350_Framework\CGRA350T12024_Framework\work\src\cgra\cgra_gui.hpp">
      <Filter>src\cgra</Filter>
    </ClInclude>
    <ClInclude Include="C:\Users\ocjla\Desktop\UNI_WORK\CGRA350\Project\CGRA350_Framework\CGRA350T12024_Framework\work\src\cgra\cgra_image.hpp">
      <Filter>src\cgra</Filter>
    </ClInclude>
    <ClInclude Include="C:\Users\ocjla\Desktop\UNI_WORK\CGRA350\Project\CGRA350_Framework\CGRA350T12024_Framework\work\src\cgra\cgra_mesh.hpp">
      <Filter>src\cgra</Filter>
    </ClInclude>
    <ClInclude Include="C:\Users\ocjla\Desktop\UNI_WORK\CGRA350\Project\CGRA350_Framework\CGRA350T12024_Framework\work\src\cgra\cgra_shader.hpp">
      <Filter>src\cgra</Filter>
    </ClInclude>
    <ClInclude Include="C:\Users\ocjla\Desktop\UNI_WORK\CGRA350\Project\CGRA350_Framework\CGRA350T12024_Framework\work\src\cgra\cgra_wavefront.hpp">
      <Filter>src\cgra</Filter>
    </ClInclude>
  </ItemGroup>
  <ItemGroup>
    <CustomBuild Include="C:\Users\ocjla\Desktop\UNI_WORK\CGRA350\Project\CGRA350_Framework\CGRA350T12024_Framework\work\src\CMakeLists.txt">
      <Filter>src</Filter>
    </CustomBuild>
  </ItemGroup>
  <ItemGroup>
    <None Include="C:\Users\ocjla\Desktop\UNI_WORK\CGRA350\Project\CGRA350_Framework\CGRA350T12024_Framework\work\src\cgra\CMakeLists.txt">
      <Filter>src\cgra</Filter>
    </None>
  </ItemGroup>
  <ItemGroup>
    <Filter Include="src">
      <UniqueIdentifier>{8F4B8AC3-D652-3805-B71D-A7630BD1BC37}</UniqueIdentifier>
    </Filter>
    <Filter Include="src\cgra">
      <UniqueIdentifier>{A4D3FDA9-6502-37A4-A654-AD772CB05B9E}</UniqueIdentifier>
    </Filter>
    <Filter Include="src\vct">
      <UniqueIdentifier>{1caa4f12-942c-4581-a98c-12fe99809299}</UniqueIdentifier>
    </Filter>
  </ItemGroup>
</Project>